[0m[1mmodule.vpc.aws_route_table_association.public[0]: Refreshing state... [id=rtbassoc-02062d9766b710772][0m
[0m[1mmodule.vpc.aws_route_table_association.private[1]: Refreshing state... [id=rtbassoc-078ce051e1b2a6195][0m
[0m[1mmodule.vpc.aws_route_table_association.private[0]: Refreshing state... [id=rtbassoc-08fb22a7cd649424e][0m
[0m[1mmodule.vpc.aws_route_table.private[0]: Refreshing state... [id=rtb-04846f0176a3c1aaa][0m
[0m[1mmodule.vpc.aws_internet_gateway.this[0]: Refreshing state... [id=igw-0d069eaf448ebaf7a][0m
[0m[1mmodule.vpc.aws_subnet.public[2]: Refreshing state... [id=subnet-0cac4ed6488603615][0m
[0m[1mmodule.vpc.aws_route_table.private[1]: Refreshing state... [id=rtb-058cca685ec313b92][0m
[0m[1mmodule.vpc.aws_subnet.private[1]: Refreshing state... [id=subnet-01076b7f0e08317ea][0m
[0m[1mmodule.vpc.aws_route_table.public[0]: Refreshing state... [id=rtb-0451fbd79b6d7261a][0m
[0m[1mmodule.vpc.aws_vpc.this[0]: Refreshing state... [id=vpc-065a521afce1ce94b][0m
[0m[1mmodule.vpc.aws_subnet.private[2]: Refreshing state... [id=subnet-04f55adb26188624b][0m
[0m[1mmodule.vpc.aws_subnet.public[1]: Refreshing state... [id=subnet-0b3d2e519c9200e31][0m
[0m[1mmodule.vpc.aws_route_table_association.private[2]: Refreshing state... [id=rtbassoc-06a78ab89885347f1][0m
[0m[1mmodule.vpc.aws_route_table.private[2]: Refreshing state... [id=rtb-00319f846f1ef73b3][0m
[0m[1mmodule.vpc.aws_subnet.private[0]: Refreshing state... [id=subnet-0e710d7061cfde531][0m
[0m[1maws_instance.tomcat_instance: Refreshing state... [id=i-0e0f154ed41a7f914][0m
[0m[1mmodule.vpc.aws_route_table_association.public[1]: Refreshing state... [id=rtbassoc-0c5cec5e574420c23][0m
[0m[1mmodule.vpc.aws_subnet.public[0]: Refreshing state... [id=subnet-021785f3a65820f9c][0m
[0m[1maws_security_group.http_access: Refreshing state... [id=sg-0cf328ac28c0b0c15][0m
[0m[1mmodule.vpc.aws_route.public_internet_gateway[0]: Refreshing state... [id=r-rtb-0451fbd79b6d7261a1080289494][0m
[0m[1mmodule.vpc.aws_route_table_association.public[2]: Refreshing state... [id=rtbassoc-02a423a774c23046a][0m

Terraform used the selected providers to generate the following execution
plan. Resource actions are indicated with the following symbols:
  [32m+[0m create[0m
  [31m-[0m destroy[0m

Terraform will perform the following actions:

[1m  # aws_instance.terraform-instance[0m will be created
[0m  [32m+[0m[0m resource "aws_instance" "terraform-instance" {
      [32m+[0m[0m ami                                  = "ami-0c3157ff674c2918d"
      [32m+[0m[0m arn                                  = (known after apply)
      [32m+[0m[0m associate_public_ip_address          = (known after apply)
      [32m+[0m[0m availability_zone                    = "us-east-1a"
      [32m+[0m[0m cpu_core_count                       = (known after apply)
      [32m+[0m[0m cpu_threads_per_core                 = (known after apply)
      [32m+[0m[0m disable_api_stop                     = (known after apply)
      [32m+[0m[0m disable_api_termination              = (known after apply)
      [32m+[0m[0m ebs_optimized                        = (known after apply)
      [32m+[0m[0m get_password_data                    = false
      [32m+[0m[0m host_id                              = (known after apply)
      [32m+[0m[0m host_resource_group_arn              = (known after apply)
      [32m+[0m[0m iam_instance_profile                 = (known after apply)
      [32m+[0m[0m id                                   = (known after apply)
      [32m+[0m[0m instance_initiated_shutdown_behavior = (known after apply)
      [32m+[0m[0m instance_state                       = (known after apply)
      [32m+[0m[0m instance_type                        = "t2.micro"
      [32m+[0m[0m ipv6_address_count                   = (known after apply)
      [32m+[0m[0m ipv6_addresses                       = (known after apply)
      [32m+[0m[0m key_name                             = "terraform-demo"
      [32m+[0m[0m monitoring                           = (known after apply)
      [32m+[0m[0m outpost_arn                          = (known after apply)
      [32m+[0m[0m password_data                        = (known after apply)
      [32m+[0m[0m placement_group                      = (known after apply)
      [32m+[0m[0m placement_partition_number           = (known after apply)
      [32m+[0m[0m primary_network_interface_id         = (known after apply)
      [32m+[0m[0m private_dns                          = (known after apply)
      [32m+[0m[0m private_ip                           = (known after apply)
      [32m+[0m[0m public_dns                           = (known after apply)
      [32m+[0m[0m public_ip                            = (known after apply)
      [32m+[0m[0m secondary_private_ips                = (known after apply)
      [32m+[0m[0m security_groups                      = (known after apply)
      [32m+[0m[0m source_dest_check                    = true
      [32m+[0m[0m subnet_id                            = (known after apply)
      [32m+[0m[0m tags                                 = {
          [32m+[0m[0m "Name" = "terraform-instance"
        }
      [32m+[0m[0m tags_all                             = {
          [32m+[0m[0m "Name" = "terraform-instance"
        }
      [32m+[0m[0m tenancy                              = (known after apply)
      [32m+[0m[0m user_data                            = "45ebca5574dabf36f3146b11d1a5f06f0d4aee2b"
      [32m+[0m[0m user_data_base64                     = (known after apply)
      [32m+[0m[0m user_data_replace_on_change          = false
      [32m+[0m[0m vpc_security_group_ids               = (known after apply)
    }

[1m  # aws_key_pair.terraform-demo[0m will be created
[0m  [32m+[0m[0m resource "aws_key_pair" "terraform-demo" {
      [32m+[0m[0m arn             = (known after apply)
      [32m+[0m[0m fingerprint     = (known after apply)
      [32m+[0m[0m id              = (known after apply)
      [32m+[0m[0m key_name        = "terraform-demo"
      [32m+[0m[0m key_name_prefix = (known after apply)
      [32m+[0m[0m key_pair_id     = (known after apply)
      [32m+[0m[0m key_type        = (known after apply)
      [32m+[0m[0m public_key      = (known after apply)
      [32m+[0m[0m tags_all        = (known after apply)
    }

[1m  # aws_security_group.http_access[0m will be [1m[31mdestroyed[0m
  # (because aws_security_group.http_access is not in configuration)
[0m  [31m-[0m[0m resource "aws_security_group" "http_access" {
      [31m-[0m[0m arn                    = "arn:aws:ec2:us-east-1:430288206927:security-group/sg-0cf328ac28c0b0c15" [90m-> null[0m[0m
      [31m-[0m[0m description            = "Allow HTTP inbound traffic" [90m-> null[0m[0m
      [31m-[0m[0m egress                 = [
          [31m-[0m[0m {
              [31m-[0m[0m cidr_blocks      = [
                  [31m-[0m[0m "0.0.0.0/0",
                ]
              [31m-[0m[0m description      = ""
              [31m-[0m[0m from_port        = 0
              [31m-[0m[0m ipv6_cidr_blocks = []
              [31m-[0m[0m prefix_list_ids  = []
              [31m-[0m[0m protocol         = "-1"
              [31m-[0m[0m security_groups  = []
              [31m-[0m[0m self             = false
              [31m-[0m[0m to_port          = 0
            },
        ] [90m-> null[0m[0m
      [31m-[0m[0m id                     = "sg-0cf328ac28c0b0c15" [90m-> null[0m[0m
      [31m-[0m[0m ingress                = [
          [31m-[0m[0m {
              [31m-[0m[0m cidr_blocks      = [
                  [31m-[0m[0m "0.0.0.0/0",
                ]
              [31m-[0m[0m description      = "Custom Tomcat Access"
              [31m-[0m[0m from_port        = 8080
              [31m-[0m[0m ipv6_cidr_blocks = []
              [31m-[0m[0m prefix_list_ids  = []
              [31m-[0m[0m protocol         = "tcp"
              [31m-[0m[0m security_groups  = []
              [31m-[0m[0m self             = false
              [31m-[0m[0m to_port          = 8080
            },
          [31m-[0m[0m {
              [31m-[0m[0m cidr_blocks      = [
                  [31m-[0m[0m "0.0.0.0/0",
                ]
              [31m-[0m[0m description      = "HTTP Access"
              [31m-[0m[0m from_port        = 80
              [31m-[0m[0m ipv6_cidr_blocks = []
              [31m-[0m[0m prefix_list_ids  = []
              [31m-[0m[0m protocol         = "tcp"
              [31m-[0m[0m security_groups  = []
              [31m-[0m[0m self             = false
              [31m-[0m[0m to_port          = 80
            },
          [31m-[0m[0m {
              [31m-[0m[0m cidr_blocks      = [
                  [31m-[0m[0m "0.0.0.0/0",
                ]
              [31m-[0m[0m description      = "SSH ACcess"
              [31m-[0m[0m from_port        = 22
              [31m-[0m[0m ipv6_cidr_blocks = []
              [31m-[0m[0m prefix_list_ids  = []
              [31m-[0m[0m protocol         = "tcp"
              [31m-[0m[0m security_groups  = []
              [31m-[0m[0m self             = false
              [31m-[0m[0m to_port          = 22
            },
        ] [90m-> null[0m[0m
      [31m-[0m[0m name                   = "tomcat_access" [90m-> null[0m[0m
      [31m-[0m[0m owner_id               = "430288206927" [90m-> null[0m[0m
      [31m-[0m[0m revoke_rules_on_delete = false [90m-> null[0m[0m
      [31m-[0m[0m tags                   = {
          [31m-[0m[0m "Name" = "http_access"
        } [90m-> null[0m[0m
      [31m-[0m[0m tags_all               = {
          [31m-[0m[0m "Name" = "http_access"
        } [90m-> null[0m[0m
      [31m-[0m[0m vpc_id                 = "vpc-065a521afce1ce94b" [90m-> null[0m[0m
    }

[1m  # tls_private_key.example[0m will be created
[0m  [32m+[0m[0m resource "tls_private_key" "example" {
      [32m+[0m[0m algorithm                     = "RSA"
      [32m+[0m[0m ecdsa_curve                   = "P224"
      [32m+[0m[0m id                            = (known after apply)
      [32m+[0m[0m private_key_openssh           = (sensitive value)
      [32m+[0m[0m private_key_pem               = (sensitive value)
      [32m+[0m[0m private_key_pem_pkcs8         = (sensitive value)
      [32m+[0m[0m public_key_fingerprint_md5    = (known after apply)
      [32m+[0m[0m public_key_fingerprint_sha256 = (known after apply)
      [32m+[0m[0m public_key_openssh            = (known after apply)
      [32m+[0m[0m public_key_pem                = (known after apply)
      [32m+[0m[0m rsa_bits                      = 4096
    }

[1m  # module.vpc.aws_internet_gateway.this[0][0m will be [1m[31mdestroyed[0m
  # (because aws_internet_gateway.this is not in configuration)
[0m  [31m-[0m[0m resource "aws_internet_gateway" "this" {
      [31m-[0m[0m arn      = "arn:aws:ec2:us-east-1:430288206927:internet-gateway/igw-0d069eaf448ebaf7a" [90m-> null[0m[0m
      [31m-[0m[0m id       = "igw-0d069eaf448ebaf7a" [90m-> null[0m[0m
      [31m-[0m[0m owner_id = "430288206927" [90m-> null[0m[0m
      [31m-[0m[0m tags     = {
          [31m-[0m[0m "Environment" = "dev"
          [31m-[0m[0m "Name"        = "test-tomcat-vpc"
          [31m-[0m[0m "Terraform"   = "true"
        } [90m-> null[0m[0m
      [31m-[0m[0m tags_all = {
          [31m-[0m[0m "Environment" = "dev"
          [31m-[0m[0m "Name"        = "test-tomcat-vpc"
          [31m-[0m[0m "Terraform"   = "true"
        } [90m-> null[0m[0m
      [31m-[0m[0m vpc_id   = "vpc-065a521afce1ce94b" [90m-> null[0m[0m
    }

[1m  # module.vpc.aws_route.public_internet_gateway[0][0m will be [1m[31mdestroyed[0m
  # (because aws_route.public_internet_gateway is not in configuration)
[0m  [31m-[0m[0m resource "aws_route" "public_internet_gateway" {
      [31m-[0m[0m destination_cidr_block = "0.0.0.0/0" [90m-> null[0m[0m
      [31m-[0m[0m gateway_id             = "igw-0d069eaf448ebaf7a" [90m-> null[0m[0m
      [31m-[0m[0m id                     = "r-rtb-0451fbd79b6d7261a1080289494" [90m-> null[0m[0m
      [31m-[0m[0m origin                 = "CreateRoute" [90m-> null[0m[0m
      [31m-[0m[0m route_table_id         = "rtb-0451fbd79b6d7261a" [90m-> null[0m[0m
      [31m-[0m[0m state                  = "active" [90m-> null[0m[0m

      [31m-[0m[0m timeouts {
          [31m-[0m[0m create = "5m" [90m-> null[0m[0m
        }
    }

[1m  # module.vpc.aws_route_table.private[0][0m will be [1m[31mdestroyed[0m
  # (because aws_route_table.private is not in configuration)
[0m  [31m-[0m[0m resource "aws_route_table" "private" {
      [31m-[0m[0m arn              = "arn:aws:ec2:us-east-1:430288206927:route-table/rtb-04846f0176a3c1aaa" [90m-> null[0m[0m
      [31m-[0m[0m id               = "rtb-04846f0176a3c1aaa" [90m-> null[0m[0m
      [31m-[0m[0m owner_id         = "430288206927" [90m-> null[0m[0m
      [31m-[0m[0m propagating_vgws = [] [90m-> null[0m[0m
      [31m-[0m[0m route            = [] [90m-> null[0m[0m
      [31m-[0m[0m tags             = {
          [31m-[0m[0m "Environment" = "dev"
          [31m-[0m[0m "Name"        = "test-tomcat-vpc-private-us-east-1a"
          [31m-[0m[0m "Terraform"   = "true"
        } [90m-> null[0m[0m
      [31m-[0m[0m tags_all         = {
          [31m-[0m[0m "Environment" = "dev"
          [31m-[0m[0m "Name"        = "test-tomcat-vpc-private-us-east-1a"
          [31m-[0m[0m "Terraform"   = "true"
        } [90m-> null[0m[0m
      [31m-[0m[0m vpc_id           = "vpc-065a521afce1ce94b" [90m-> null[0m[0m
    }

[1m  # module.vpc.aws_route_table.private[1][0m will be [1m[31mdestroyed[0m
  # (because aws_route_table.private is not in configuration)
[0m  [31m-[0m[0m resource "aws_route_table" "private" {
      [31m-[0m[0m arn              = "arn:aws:ec2:us-east-1:430288206927:route-table/rtb-058cca685ec313b92" [90m-> null[0m[0m
      [31m-[0m[0m id               = "rtb-058cca685ec313b92" [90m-> null[0m[0m
      [31m-[0m[0m owner_id         = "430288206927" [90m-> null[0m[0m
      [31m-[0m[0m propagating_vgws = [] [90m-> null[0m[0m
      [31m-[0m[0m route            = [] [90m-> null[0m[0m
      [31m-[0m[0m tags             = {
          [31m-[0m[0m "Environment" = "dev"
          [31m-[0m[0m "Name"        = "test-tomcat-vpc-private-us-east-1b"
          [31m-[0m[0m "Terraform"   = "true"
        } [90m-> null[0m[0m
      [31m-[0m[0m tags_all         = {
          [31m-[0m[0m "Environment" = "dev"
          [31m-[0m[0m "Name"        = "test-tomcat-vpc-private-us-east-1b"
          [31m-[0m[0m "Terraform"   = "true"
        } [90m-> null[0m[0m
      [31m-[0m[0m vpc_id           = "vpc-065a521afce1ce94b" [90m-> null[0m[0m
    }

[1m  # module.vpc.aws_route_table.private[2][0m will be [1m[31mdestroyed[0m
  # (because aws_route_table.private is not in configuration)
[0m  [31m-[0m[0m resource "aws_route_table" "private" {
      [31m-[0m[0m arn              = "arn:aws:ec2:us-east-1:430288206927:route-table/rtb-00319f846f1ef73b3" [90m-> null[0m[0m
      [31m-[0m[0m id               = "rtb-00319f846f1ef73b3" [90m-> null[0m[0m
      [31m-[0m[0m owner_id         = "430288206927" [90m-> null[0m[0m
      [31m-[0m[0m propagating_vgws = [] [90m-> null[0m[0m
      [31m-[0m[0m route            = [] [90m-> null[0m[0m
      [31m-[0m[0m tags             = {
          [31m-[0m[0m "Environment" = "dev"
          [31m-[0m[0m "Name"        = "test-tomcat-vpc-private-us-east-1c"
          [31m-[0m[0m "Terraform"   = "true"
        } [90m-> null[0m[0m
      [31m-[0m[0m tags_all         = {
          [31m-[0m[0m "Environment" = "dev"
          [31m-[0m[0m "Name"        = "test-tomcat-vpc-private-us-east-1c"
          [31m-[0m[0m "Terraform"   = "true"
        } [90m-> null[0m[0m
      [31m-[0m[0m vpc_id           = "vpc-065a521afce1ce94b" [90m-> null[0m[0m
    }

[1m  # module.vpc.aws_route_table.public[0][0m will be [1m[31mdestroyed[0m
  # (because aws_route_table.public is not in configuration)
[0m  [31m-[0m[0m resource "aws_route_table" "public" {
      [31m-[0m[0m arn              = "arn:aws:ec2:us-east-1:430288206927:route-table/rtb-0451fbd79b6d7261a" [90m-> null[0m[0m
      [31m-[0m[0m id               = "rtb-0451fbd79b6d7261a" [90m-> null[0m[0m
      [31m-[0m[0m owner_id         = "430288206927" [90m-> null[0m[0m
      [31m-[0m[0m propagating_vgws = [] [90m-> null[0m[0m
      [31m-[0m[0m route            = [
          [31m-[0m[0m {
              [31m-[0m[0m carrier_gateway_id         = ""
              [31m-[0m[0m cidr_block                 = "0.0.0.0/0"
              [31m-[0m[0m core_network_arn           = ""
              [31m-[0m[0m destination_prefix_list_id = ""
              [31m-[0m[0m egress_only_gateway_id     = ""
              [31m-[0m[0m gateway_id                 = "igw-0d069eaf448ebaf7a"
              [31m-[0m[0m instance_id                = ""
              [31m-[0m[0m ipv6_cidr_block            = ""
              [31m-[0m[0m local_gateway_id           = ""
              [31m-[0m[0m nat_gateway_id             = ""
              [31m-[0m[0m network_interface_id       = ""
              [31m-[0m[0m transit_gateway_id         = ""
              [31m-[0m[0m vpc_endpoint_id            = ""
              [31m-[0m[0m vpc_peering_connection_id  = ""
            },
        ] [90m-> null[0m[0m
      [31m-[0m[0m tags             = {
          [31m-[0m[0m "Environment" = "dev"
          [31m-[0m[0m "Name"        = "test-tomcat-vpc-public"
          [31m-[0m[0m "Terraform"   = "true"
        } [90m-> null[0m[0m
      [31m-[0m[0m tags_all         = {
          [31m-[0m[0m "Environment" = "dev"
          [31m-[0m[0m "Name"        = "test-tomcat-vpc-public"
          [31m-[0m[0m "Terraform"   = "true"
        } [90m-> null[0m[0m
      [31m-[0m[0m vpc_id           = "vpc-065a521afce1ce94b" [90m-> null[0m[0m
    }

[1m  # module.vpc.aws_route_table_association.private[0][0m will be [1m[31mdestroyed[0m
  # (because aws_route_table_association.private is not in configuration)
[0m  [31m-[0m[0m resource "aws_route_table_association" "private" {
      [31m-[0m[0m id             = "rtbassoc-08fb22a7cd649424e" [90m-> null[0m[0m
      [31m-[0m[0m route_table_id = "rtb-04846f0176a3c1aaa" [90m-> null[0m[0m
      [31m-[0m[0m subnet_id      = "subnet-0e710d7061cfde531" [90m-> null[0m[0m
    }

[1m  # module.vpc.aws_route_table_association.private[1][0m will be [1m[31mdestroyed[0m
  # (because aws_route_table_association.private is not in configuration)
[0m  [31m-[0m[0m resource "aws_route_table_association" "private" {
      [31m-[0m[0m id             = "rtbassoc-078ce051e1b2a6195" [90m-> null[0m[0m
      [31m-[0m[0m route_table_id = "rtb-058cca685ec313b92" [90m-> null[0m[0m
      [31m-[0m[0m subnet_id      = "subnet-01076b7f0e08317ea" [90m-> null[0m[0m
    }

[1m  # module.vpc.aws_route_table_association.private[2][0m will be [1m[31mdestroyed[0m
  # (because aws_route_table_association.private is not in configuration)
[0m  [31m-[0m[0m resource "aws_route_table_association" "private" {
      [31m-[0m[0m id             = "rtbassoc-06a78ab89885347f1" [90m-> null[0m[0m
      [31m-[0m[0m route_table_id = "rtb-00319f846f1ef73b3" [90m-> null[0m[0m
      [31m-[0m[0m subnet_id      = "subnet-04f55adb26188624b" [90m-> null[0m[0m
    }

[1m  # module.vpc.aws_route_table_association.public[0][0m will be [1m[31mdestroyed[0m
  # (because aws_route_table_association.public is not in configuration)
[0m  [31m-[0m[0m resource "aws_route_table_association" "public" {
      [31m-[0m[0m id             = "rtbassoc-02062d9766b710772" [90m-> null[0m[0m
      [31m-[0m[0m route_table_id = "rtb-0451fbd79b6d7261a" [90m-> null[0m[0m
      [31m-[0m[0m subnet_id      = "subnet-021785f3a65820f9c" [90m-> null[0m[0m
    }

[1m  # module.vpc.aws_route_table_association.public[1][0m will be [1m[31mdestroyed[0m
  # (because aws_route_table_association.public is not in configuration)
[0m  [31m-[0m[0m resource "aws_route_table_association" "public" {
      [31m-[0m[0m id             = "rtbassoc-0c5cec5e574420c23" [90m-> null[0m[0m
      [31m-[0m[0m route_table_id = "rtb-0451fbd79b6d7261a" [90m-> null[0m[0m
      [31m-[0m[0m subnet_id      = "subnet-0b3d2e519c9200e31" [90m-> null[0m[0m
    }

[1m  # module.vpc.aws_route_table_association.public[2][0m will be [1m[31mdestroyed[0m
  # (because aws_route_table_association.public is not in configuration)
[0m  [31m-[0m[0m resource "aws_route_table_association" "public" {
      [31m-[0m[0m id             = "rtbassoc-02a423a774c23046a" [90m-> null[0m[0m
      [31m-[0m[0m route_table_id = "rtb-0451fbd79b6d7261a" [90m-> null[0m[0m
      [31m-[0m[0m subnet_id      = "subnet-0cac4ed6488603615" [90m-> null[0m[0m
    }

[1m  # module.vpc.aws_subnet.private[0][0m will be [1m[31mdestroyed[0m
  # (because aws_subnet.private is not in configuration)
[0m  [31m-[0m[0m resource "aws_subnet" "private" {
      [31m-[0m[0m arn                                            = "arn:aws:ec2:us-east-1:430288206927:subnet/subnet-0e710d7061cfde531" [90m-> null[0m[0m
      [31m-[0m[0m assign_ipv6_address_on_creation                = false [90m-> null[0m[0m
      [31m-[0m[0m availability_zone                              = "us-east-1a" [90m-> null[0m[0m
      [31m-[0m[0m availability_zone_id                           = "use1-az2" [90m-> null[0m[0m
      [31m-[0m[0m cidr_block                                     = "10.0.1.0/24" [90m-> null[0m[0m
      [31m-[0m[0m enable_dns64                                   = false [90m-> null[0m[0m
      [31m-[0m[0m enable_resource_name_dns_a_record_on_launch    = false [90m-> null[0m[0m
      [31m-[0m[0m enable_resource_name_dns_aaaa_record_on_launch = false [90m-> null[0m[0m
      [31m-[0m[0m id                                             = "subnet-0e710d7061cfde531" [90m-> null[0m[0m
      [31m-[0m[0m ipv6_native                                    = false [90m-> null[0m[0m
      [31m-[0m[0m map_customer_owned_ip_on_launch                = false [90m-> null[0m[0m
      [31m-[0m[0m map_public_ip_on_launch                        = false [90m-> null[0m[0m
      [31m-[0m[0m owner_id                                       = "430288206927" [90m-> null[0m[0m
      [31m-[0m[0m private_dns_hostname_type_on_launch            = "ip-name" [90m-> null[0m[0m
      [31m-[0m[0m tags                                           = {
          [31m-[0m[0m "Environment" = "dev"
          [31m-[0m[0m "Name"        = "PrivateSubnetA"
          [31m-[0m[0m "Terraform"   = "true"
        } [90m-> null[0m[0m
      [31m-[0m[0m tags_all                                       = {
          [31m-[0m[0m "Environment" = "dev"
          [31m-[0m[0m "Name"        = "PrivateSubnetA"
          [31m-[0m[0m "Terraform"   = "true"
        } [90m-> null[0m[0m
      [31m-[0m[0m vpc_id                                         = "vpc-065a521afce1ce94b" [90m-> null[0m[0m
    }

[1m  # module.vpc.aws_subnet.private[1][0m will be [1m[31mdestroyed[0m
  # (because aws_subnet.private is not in configuration)
[0m  [31m-[0m[0m resource "aws_subnet" "private" {
      [31m-[0m[0m arn                                            = "arn:aws:ec2:us-east-1:430288206927:subnet/subnet-01076b7f0e08317ea" [90m-> null[0m[0m
      [31m-[0m[0m assign_ipv6_address_on_creation                = false [90m-> null[0m[0m
      [31m-[0m[0m availability_zone                              = "us-east-1b" [90m-> null[0m[0m
      [31m-[0m[0m availability_zone_id                           = "use1-az4" [90m-> null[0m[0m
      [31m-[0m[0m cidr_block                                     = "10.0.2.0/24" [90m-> null[0m[0m
      [31m-[0m[0m enable_dns64                                   = false [90m-> null[0m[0m
      [31m-[0m[0m enable_resource_name_dns_a_record_on_launch    = false [90m-> null[0m[0m
      [31m-[0m[0m enable_resource_name_dns_aaaa_record_on_launch = false [90m-> null[0m[0m
      [31m-[0m[0m id                                             = "subnet-01076b7f0e08317ea" [90m-> null[0m[0m
      [31m-[0m[0m ipv6_native                                    = false [90m-> null[0m[0m
      [31m-[0m[0m map_customer_owned_ip_on_launch                = false [90m-> null[0m[0m
      [31m-[0m[0m map_public_ip_on_launch                        = false [90m-> null[0m[0m
      [31m-[0m[0m owner_id                                       = "430288206927" [90m-> null[0m[0m
      [31m-[0m[0m private_dns_hostname_type_on_launch            = "ip-name" [90m-> null[0m[0m
      [31m-[0m[0m tags                                           = {
          [31m-[0m[0m "Environment" = "dev"
          [31m-[0m[0m "Name"        = "PrivateSubnetB"
          [31m-[0m[0m "Terraform"   = "true"
        } [90m-> null[0m[0m
      [31m-[0m[0m tags_all                                       = {
          [31m-[0m[0m "Environment" = "dev"
          [31m-[0m[0m "Name"        = "PrivateSubnetB"
          [31m-[0m[0m "Terraform"   = "true"
        } [90m-> null[0m[0m
      [31m-[0m[0m vpc_id                                         = "vpc-065a521afce1ce94b" [90m-> null[0m[0m
    }

[1m  # module.vpc.aws_subnet.private[2][0m will be [1m[31mdestroyed[0m
  # (because aws_subnet.private is not in configuration)
[0m  [31m-[0m[0m resource "aws_subnet" "private" {
      [31m-[0m[0m arn                                            = "arn:aws:ec2:us-east-1:430288206927:subnet/subnet-04f55adb26188624b" [90m-> null[0m[0m
      [31m-[0m[0m assign_ipv6_address_on_creation                = false [90m-> null[0m[0m
      [31m-[0m[0m availability_zone                              = "us-east-1c" [90m-> null[0m[0m
      [31m-[0m[0m availability_zone_id                           = "use1-az6" [90m-> null[0m[0m
      [31m-[0m[0m cidr_block                                     = "10.0.3.0/24" [90m-> null[0m[0m
      [31m-[0m[0m enable_dns64                                   = false [90m-> null[0m[0m
      [31m-[0m[0m enable_resource_name_dns_a_record_on_launch    = false [90m-> null[0m[0m
      [31m-[0m[0m enable_resource_name_dns_aaaa_record_on_launch = false [90m-> null[0m[0m
      [31m-[0m[0m id                                             = "subnet-04f55adb26188624b" [90m-> null[0m[0m
      [31m-[0m[0m ipv6_native                                    = false [90m-> null[0m[0m
      [31m-[0m[0m map_customer_owned_ip_on_launch                = false [90m-> null[0m[0m
      [31m-[0m[0m map_public_ip_on_launch                        = false [90m-> null[0m[0m
      [31m-[0m[0m owner_id                                       = "430288206927" [90m-> null[0m[0m
      [31m-[0m[0m private_dns_hostname_type_on_launch            = "ip-name" [90m-> null[0m[0m
      [31m-[0m[0m tags                                           = {
          [31m-[0m[0m "Environment" = "dev"
          [31m-[0m[0m "Name"        = "PrivateSubnetC"
          [31m-[0m[0m "Terraform"   = "true"
        } [90m-> null[0m[0m
      [31m-[0m[0m tags_all                                       = {
          [31m-[0m[0m "Environment" = "dev"
          [31m-[0m[0m "Name"        = "PrivateSubnetC"
          [31m-[0m[0m "Terraform"   = "true"
        } [90m-> null[0m[0m
      [31m-[0m[0m vpc_id                                         = "vpc-065a521afce1ce94b" [90m-> null[0m[0m
    }

[1m  # module.vpc.aws_subnet.public[0][0m will be [1m[31mdestroyed[0m
  # (because aws_subnet.public is not in configuration)
[0m  [31m-[0m[0m resource "aws_subnet" "public" {
      [31m-[0m[0m arn                                            = "arn:aws:ec2:us-east-1:430288206927:subnet/subnet-021785f3a65820f9c" [90m-> null[0m[0m
      [31m-[0m[0m assign_ipv6_address_on_creation                = false [90m-> null[0m[0m
      [31m-[0m[0m availability_zone                              = "us-east-1a" [90m-> null[0m[0m
      [31m-[0m[0m availability_zone_id                           = "use1-az2" [90m-> null[0m[0m
      [31m-[0m[0m cidr_block                                     = "10.0.101.0/24" [90m-> null[0m[0m
      [31m-[0m[0m enable_dns64                                   = false [90m-> null[0m[0m
      [31m-[0m[0m enable_resource_name_dns_a_record_on_launch    = false [90m-> null[0m[0m
      [31m-[0m[0m enable_resource_name_dns_aaaa_record_on_launch = false [90m-> null[0m[0m
      [31m-[0m[0m id                                             = "subnet-021785f3a65820f9c" [90m-> null[0m[0m
      [31m-[0m[0m ipv6_native                                    = false [90m-> null[0m[0m
      [31m-[0m[0m map_customer_owned_ip_on_launch                = false [90m-> null[0m[0m
      [31m-[0m[0m map_public_ip_on_launch                        = true [90m-> null[0m[0m
      [31m-[0m[0m owner_id                                       = "430288206927" [90m-> null[0m[0m
      [31m-[0m[0m private_dns_hostname_type_on_launch            = "ip-name" [90m-> null[0m[0m
      [31m-[0m[0m tags                                           = {
          [31m-[0m[0m "Environment" = "dev"
          [31m-[0m[0m "Name"        = "PublicSubnetA"
          [31m-[0m[0m "Terraform"   = "true"
        } [90m-> null[0m[0m
      [31m-[0m[0m tags_all                                       = {
          [31m-[0m[0m "Environment" = "dev"
          [31m-[0m[0m "Name"        = "PublicSubnetA"
          [31m-[0m[0m "Terraform"   = "true"
        } [90m-> null[0m[0m
      [31m-[0m[0m vpc_id                                         = "vpc-065a521afce1ce94b" [90m-> null[0m[0m
    }

[1m  # module.vpc.aws_subnet.public[1][0m will be [1m[31mdestroyed[0m
  # (because aws_subnet.public is not in configuration)
[0m  [31m-[0m[0m resource "aws_subnet" "public" {
      [31m-[0m[0m arn                                            = "arn:aws:ec2:us-east-1:430288206927:subnet/subnet-0b3d2e519c9200e31" [90m-> null[0m[0m
      [31m-[0m[0m assign_ipv6_address_on_creation                = false [90m-> null[0m[0m
      [31m-[0m[0m availability_zone                              = "us-east-1b" [90m-> null[0m[0m
      [31m-[0m[0m availability_zone_id                           = "use1-az4" [90m-> null[0m[0m
      [31m-[0m[0m cidr_block                                     = "10.0.102.0/24" [90m-> null[0m[0m
      [31m-[0m[0m enable_dns64                                   = false [90m-> null[0m[0m
      [31m-[0m[0m enable_resource_name_dns_a_record_on_launch    = false [90m-> null[0m[0m
      [31m-[0m[0m enable_resource_name_dns_aaaa_record_on_launch = false [90m-> null[0m[0m
      [31m-[0m[0m id                                             = "subnet-0b3d2e519c9200e31" [90m-> null[0m[0m
      [31m-[0m[0m ipv6_native                                    = false [90m-> null[0m[0m
      [31m-[0m[0m map_customer_owned_ip_on_launch                = false [90m-> null[0m[0m
      [31m-[0m[0m map_public_ip_on_launch                        = true [90m-> null[0m[0m
      [31m-[0m[0m owner_id                                       = "430288206927" [90m-> null[0m[0m
      [31m-[0m[0m private_dns_hostname_type_on_launch            = "ip-name" [90m-> null[0m[0m
      [31m-[0m[0m tags                                           = {
          [31m-[0m[0m "Environment" = "dev"
          [31m-[0m[0m "Name"        = "PublicSubnetB"
          [31m-[0m[0m "Terraform"   = "true"
        } [90m-> null[0m[0m
      [31m-[0m[0m tags_all                                       = {
          [31m-[0m[0m "Environment" = "dev"
          [31m-[0m[0m "Name"        = "PublicSubnetB"
          [31m-[0m[0m "Terraform"   = "true"
        } [90m-> null[0m[0m
      [31m-[0m[0m vpc_id                                         = "vpc-065a521afce1ce94b" [90m-> null[0m[0m
    }

[1m  # module.vpc.aws_subnet.public[2][0m will be [1m[31mdestroyed[0m
  # (because aws_subnet.public is not in configuration)
[0m  [31m-[0m[0m resource "aws_subnet" "public" {
      [31m-[0m[0m arn                                            = "arn:aws:ec2:us-east-1:430288206927:subnet/subnet-0cac4ed6488603615" [90m-> null[0m[0m
      [31m-[0m[0m assign_ipv6_address_on_creation                = false [90m-> null[0m[0m
      [31m-[0m[0m availability_zone                              = "us-east-1c" [90m-> null[0m[0m
      [31m-[0m[0m availability_zone_id                           = "use1-az6" [90m-> null[0m[0m
      [31m-[0m[0m cidr_block                                     = "10.0.103.0/24" [90m-> null[0m[0m
      [31m-[0m[0m enable_dns64                                   = false [90m-> null[0m[0m
      [31m-[0m[0m enable_resource_name_dns_a_record_on_launch    = false [90m-> null[0m[0m
      [31m-[0m[0m enable_resource_name_dns_aaaa_record_on_launch = false [90m-> null[0m[0m
      [31m-[0m[0m id                                             = "subnet-0cac4ed6488603615" [90m-> null[0m[0m
      [31m-[0m[0m ipv6_native                                    = false [90m-> null[0m[0m
      [31m-[0m[0m map_customer_owned_ip_on_launch                = false [90m-> null[0m[0m
      [31m-[0m[0m map_public_ip_on_launch                        = true [90m-> null[0m[0m
      [31m-[0m[0m owner_id                                       = "430288206927" [90m-> null[0m[0m
      [31m-[0m[0m private_dns_hostname_type_on_launch            = "ip-name" [90m-> null[0m[0m
      [31m-[0m[0m tags                                           = {
          [31m-[0m[0m "Environment" = "dev"
          [31m-[0m[0m "Name"        = "PublicSubnetC"
          [31m-[0m[0m "Terraform"   = "true"
        } [90m-> null[0m[0m
      [31m-[0m[0m tags_all                                       = {
          [31m-[0m[0m "Environment" = "dev"
          [31m-[0m[0m "Name"        = "PublicSubnetC"
          [31m-[0m[0m "Terraform"   = "true"
        } [90m-> null[0m[0m
      [31m-[0m[0m vpc_id                                         = "vpc-065a521afce1ce94b" [90m-> null[0m[0m
    }

[1m  # module.vpc.aws_vpc.this[0][0m will be [1m[31mdestroyed[0m
  # (because aws_vpc.this is not in configuration)
[0m  [31m-[0m[0m resource "aws_vpc" "this" {
      [31m-[0m[0m arn                                  = "arn:aws:ec2:us-east-1:430288206927:vpc/vpc-065a521afce1ce94b" [90m-> null[0m[0m
      [31m-[0m[0m assign_generated_ipv6_cidr_block     = false [90m-> null[0m[0m
      [31m-[0m[0m cidr_block                           = "10.0.0.0/16" [90m-> null[0m[0m
      [31m-[0m[0m default_network_acl_id               = "acl-0a486ae2859a48c7b" [90m-> null[0m[0m
      [31m-[0m[0m default_route_table_id               = "rtb-0bb4083e69fe59028" [90m-> null[0m[0m
      [31m-[0m[0m default_security_group_id            = "sg-05febca74385211d5" [90m-> null[0m[0m
      [31m-[0m[0m dhcp_options_id                      = "dopt-02a8dfbd1465b3f1b" [90m-> null[0m[0m
      [31m-[0m[0m enable_classiclink                   = false [90m-> null[0m[0m
      [31m-[0m[0m enable_classiclink_dns_support       = false [90m-> null[0m[0m
      [31m-[0m[0m enable_dns_hostnames                 = false [90m-> null[0m[0m
      [31m-[0m[0m enable_dns_support                   = true [90m-> null[0m[0m
      [31m-[0m[0m enable_network_address_usage_metrics = false [90m-> null[0m[0m
      [31m-[0m[0m id                                   = "vpc-065a521afce1ce94b" [90m-> null[0m[0m
      [31m-[0m[0m instance_tenancy                     = "default" [90m-> null[0m[0m
      [31m-[0m[0m ipv6_netmask_length                  = 0 [90m-> null[0m[0m
      [31m-[0m[0m main_route_table_id                  = "rtb-0bb4083e69fe59028" [90m-> null[0m[0m
      [31m-[0m[0m owner_id                             = "430288206927" [90m-> null[0m[0m
      [31m-[0m[0m tags                                 = {
          [31m-[0m[0m "Environment" = "dev"
          [31m-[0m[0m "Name"        = "test-tomcat-vpc"
          [31m-[0m[0m "Terraform"   = "true"
        } [90m-> null[0m[0m
      [31m-[0m[0m tags_all                             = {
          [31m-[0m[0m "Environment" = "dev"
          [31m-[0m[0m "Name"        = "test-tomcat-vpc"
          [31m-[0m[0m "Terraform"   = "true"
        } [90m-> null[0m[0m
    }

[1m  # module.website_s3_bucket[0].aws_s3_bucket.terraform_s3_bucket[0m will be created
[0m  [32m+[0m[0m resource "aws_s3_bucket" "terraform_s3_bucket" {
      [32m+[0m[0m acceleration_status         = (known after apply)
      [32m+[0m[0m acl                         = (known after apply)
      [32m+[0m[0m arn                         = (known after apply)
      [32m+[0m[0m bucket                      = "dhruv-garg-29-03-2023-dev-0"
      [32m+[0m[0m bucket_domain_name          = (known after apply)
      [32m+[0m[0m bucket_prefix               = (known after apply)
      [32m+[0m[0m bucket_regional_domain_name = (known after apply)
      [32m+[0m[0m force_destroy               = false
      [32m+[0m[0m hosted_zone_id              = (known after apply)
      [32m+[0m[0m id                          = (known after apply)
      [32m+[0m[0m object_lock_enabled         = (known after apply)
      [32m+[0m[0m policy                      = (known after apply)
      [32m+[0m[0m region                      = (known after apply)
      [32m+[0m[0m request_payer               = (known after apply)
      [32m+[0m[0m tags                        = {
          [32m+[0m[0m "Environment" = "Dev"
          [32m+[0m[0m "Terraform"   = "True"
        }
      [32m+[0m[0m tags_all                    = {
          [32m+[0m[0m "Environment" = "Dev"
          [32m+[0m[0m "Terraform"   = "True"
        }
      [32m+[0m[0m website_domain              = (known after apply)
      [32m+[0m[0m website_endpoint            = (known after apply)
    }

[1m  # module.website_s3_bucket[0].aws_s3_bucket_acl.terraform_s3_bucket[0m will be created
[0m  [32m+[0m[0m resource "aws_s3_bucket_acl" "terraform_s3_bucket" {
      [32m+[0m[0m acl    = "public-read"
      [32m+[0m[0m bucket = (known after apply)
      [32m+[0m[0m id     = (known after apply)
    }

[1m  # module.website_s3_bucket[0].aws_s3_bucket_website_configuration.terraform_s3_bucket[0m will be created
[0m  [32m+[0m[0m resource "aws_s3_bucket_website_configuration" "terraform_s3_bucket" {
      [32m+[0m[0m bucket           = (known after apply)
      [32m+[0m[0m id               = (known after apply)
      [32m+[0m[0m routing_rules    = (known after apply)
      [32m+[0m[0m website_domain   = (known after apply)
      [32m+[0m[0m website_endpoint = (known after apply)

      [32m+[0m[0m error_document {
          [32m+[0m[0m key = "error.html"
        }

      [32m+[0m[0m index_document {
          [32m+[0m[0m suffix = "index.html"
        }
    }

[1mPlan:[0m 6 to add, 0 to change, 20 to destroy.
[0m
Changes to Outputs:
  [31m-[0m[0m vpc_arn             = "arn:aws:ec2:us-east-1:430288206927:vpc/vpc-065a521afce1ce94b" [90m-> null[0m[0m
  [32m+[0m[0m website_bucket_arn  = [
      [32m+[0m[0m [90mnull[0m[0m,
    ]
  [32m+[0m[0m website_bucket_name = [
      [32m+[0m[0m [90mnull[0m[0m,
    ]
[90m
─────────────────────────────────────────────────────────────────────────────[0m

Note: You didn't use the -out option to save this plan, so Terraform can't
guarantee to take exactly these actions if you run "terraform apply" now.
