{
  "version": 4,
  "terraform_version": "1.4.2",
  "serial": 58,
  "lineage": "ba16ec55-c82d-c37b-cce5-b542f806dd9d",
  "outputs": {
    "website_bucket_arn": {
      "value": [
        "arn:aws:s3:::dhruv-garg-29-03-2023-0"
      ],
      "type": [
        "tuple",
        [
          "string"
        ]
      ]
    },
    "website_bucket_name": {
      "value": [
        "dhruv-garg-29-03-2023-0"
      ],
      "type": [
        "tuple",
        [
          "string"
        ]
      ]
    }
  },
  "resources": [
    {
      "mode": "managed",
      "type": "aws_key_pair",
      "name": "terraform-demo",
      "provider": "provider[\"registry.terraform.io/hashicorp/aws\"]",
      "instances": [
        {
          "schema_version": 1,
          "attributes": {
            "arn": "arn:aws:ec2:us-east-1:430288206927:key-pair/demo",
            "fingerprint": "97:e5:2e:b0:3c:4b:5c:89:1e:81:07:68:8f:f8:b3:12:0b:13:9c:a7",
            "id": "demo",
            "key_name": "demo",
            "key_name_prefix": "",
            "key_pair_id": "key-038cf781192bc5119",
            "key_type": "rsa",
            "public_key": null,
            "tags": {},
            "tags_all": {}
          },
          "sensitive_attributes": [],
          "private": "eyJzY2hlbWFfdmVyc2lvbiI6IjEifQ=="
        }
      ]
    },
    {
      "module": "module.website_s3_bucket[0]",
      "mode": "managed",
      "type": "aws_s3_bucket",
      "name": "terraform_s3_bucket",
      "provider": "provider[\"registry.terraform.io/hashicorp/aws\"]",
      "instances": [
        {
          "schema_version": 0,
          "attributes": {
            "acceleration_status": "",
            "acl": null,
            "arn": "arn:aws:s3:::dhruv-garg-29-03-2023-0",
            "bucket": "dhruv-garg-29-03-2023-0",
            "bucket_domain_name": "dhruv-garg-29-03-2023-0.s3.amazonaws.com",
            "bucket_prefix": null,
            "bucket_regional_domain_name": "dhruv-garg-29-03-2023-0.s3.amazonaws.com",
            "cors_rule": [],
            "force_destroy": false,
            "grant": [
              {
                "id": "0b7d55cde23407b1a7c138114f2f7c28dc286314033e3129f7ba68a759e7add5",
                "permissions": [
                  "FULL_CONTROL"
                ],
                "type": "CanonicalUser",
                "uri": ""
              }
            ],
            "hosted_zone_id": "Z3AQBSTGFYJSTF",
            "id": "dhruv-garg-29-03-2023-0",
            "lifecycle_rule": [],
            "logging": [],
            "object_lock_configuration": [],
            "object_lock_enabled": false,
            "policy": "",
            "region": "us-east-1",
            "replication_configuration": [],
            "request_payer": "BucketOwner",
            "server_side_encryption_configuration": [
              {
                "rule": [
                  {
                    "apply_server_side_encryption_by_default": [
                      {
                        "kms_master_key_id": "",
                        "sse_algorithm": "AES256"
                      }
                    ],
                    "bucket_key_enabled": false
                  }
                ]
              }
            ],
            "tags": {
              "Environment": "Dev",
              "Terraform": "True"
            },
            "tags_all": {
              "Environment": "Dev",
              "Terraform": "True"
            },
            "timeouts": null,
            "versioning": [
              {
                "enabled": false,
                "mfa_delete": false
              }
            ],
            "website": [],
            "website_domain": null,
            "website_endpoint": null
          },
          "sensitive_attributes": [],
          "private": "eyJlMmJmYjczMC1lY2FhLTExZTYtOGY4OC0zNDM2M2JjN2M0YzAiOnsiY3JlYXRlIjoxMjAwMDAwMDAwMDAwLCJkZWxldGUiOjM2MDAwMDAwMDAwMDAsInJlYWQiOjEyMDAwMDAwMDAwMDAsInVwZGF0ZSI6MTIwMDAwMDAwMDAwMH19"
        }
      ]
    },
    {
      "module": "module.website_s3_bucket[0]",
      "mode": "managed",
      "type": "aws_s3_bucket_acl",
      "name": "terraform_s3_bucket",
      "provider": "provider[\"registry.terraform.io/hashicorp/aws\"]",
      "instances": [
        {
          "schema_version": 0,
          "attributes": {
            "access_control_policy": [
              {
                "grant": [
                  {
                    "grantee": [
                      {
                        "display_name": "",
                        "email_address": "",
                        "id": "",
                        "type": "Group",
                        "uri": "http://acs.amazonaws.com/groups/global/AllUsers"
                      }
                    ],
                    "permission": "READ"
                  },
                  {
                    "grantee": [
                      {
                        "display_name": "dhruvgarg079",
                        "email_address": "",
                        "id": "0b7d55cde23407b1a7c138114f2f7c28dc286314033e3129f7ba68a759e7add5",
                        "type": "CanonicalUser",
                        "uri": ""
                      }
                    ],
                    "permission": "FULL_CONTROL"
                  }
                ],
                "owner": [
                  {
                    "display_name": "dhruvgarg079",
                    "id": "0b7d55cde23407b1a7c138114f2f7c28dc286314033e3129f7ba68a759e7add5"
                  }
                ]
              }
            ],
            "acl": "public-read",
            "bucket": "dhruv-garg-29-03-2023-0",
            "expected_bucket_owner": "",
            "id": "dhruv-garg-29-03-2023-0,public-read"
          },
          "sensitive_attributes": [],
          "private": "bnVsbA==",
          "dependencies": [
            "module.website_s3_bucket.aws_s3_bucket.terraform_s3_bucket"
          ]
        }
      ]
    },
    {
      "module": "module.website_s3_bucket[0]",
      "mode": "managed",
      "type": "aws_s3_bucket_website_configuration",
      "name": "terraform_s3_bucket",
      "provider": "provider[\"registry.terraform.io/hashicorp/aws\"]",
      "instances": [
        {
          "schema_version": 0,
          "attributes": {
            "bucket": "dhruv-garg-29-03-2023-0",
            "error_document": [
              {
                "key": "error.html"
              }
            ],
            "expected_bucket_owner": "",
            "id": "dhruv-garg-29-03-2023-0",
            "index_document": [
              {
                "suffix": "index.html"
              }
            ],
            "redirect_all_requests_to": [],
            "routing_rule": [],
            "routing_rules": "",
            "website_domain": "s3-website-us-east-1.amazonaws.com",
            "website_endpoint": "dhruv-garg-29-03-2023-0.s3-website-us-east-1.amazonaws.com"
          },
          "sensitive_attributes": [],
          "private": "bnVsbA==",
          "dependencies": [
            "module.website_s3_bucket.aws_s3_bucket.terraform_s3_bucket"
          ]
        }
      ]
    }
  ],
  "check_results": null
}
